
Microsoft Visual Studio Solution File, Format Version 12.00
# Visual Studio Version 17
VisualStudioVersion = 17.3.32929.385
MinimumVisualStudioVersion = 10.0.40219.1
Project("{FAE04EC0-301F-11D3-BF4B-00C04F79EFBC}") = "CityInfo", "CityInfo\CityInfo.csproj", "{1655868A-1970-4115-A6D2-5E4B453769BE}"
EndProject
Global
	GlobalSection(SolutionConfigurationPlatforms) = preSolution
		Debug|Any CPU = Debug|Any CPU
		Release|Any CPU = Release|Any CPU
	EndGlobalSection
	GlobalSection(ProjectConfigurationPlatforms) = postSolution
		{1655868A-1970-4115-A6D2-5E4B453769BE}.Debug|Any CPU.ActiveCfg = Debug|Any CPU
		{1655868A-1970-4115-A6D2-5E4B453769BE}.Debug|Any CPU.Build.0 = Debug|Any CPU
		{1655868A-1970-4115-A6D2-5E4B453769BE}.Release|Any CPU.ActiveCfg = Release|Any CPU
		{1655868A-1970-4115-A6D2-5E4B453769BE}.Release|Any CPU.Build.0 = Release|Any CPU
	EndGlobalSection
	GlobalSection(SolutionProperties) = preSolution
		HideSolutionNode = FALSE
	EndGlobalSection
	GlobalSection(ExtensibilityGlobals) = postSolution
		SolutionGuid = {C4EF7E73-AF68-4563-963B-4D3B87F7F98A}
	EndGlobalSection
EndGlobal
